// !$*UTF8*$!
{
	archiveVersion = 1;
	classes = {
	};
	objectVersion = 50;
	objects = {

/* Begin PBXBuildFile section */
		7CC657FB26B139950020AEDF /* CombineTestsApp.swift in Sources */ = {isa = PBXBuildFile; fileRef = 7CC657FA26B139950020AEDF /* CombineTestsApp.swift */; };
		7CC657FD26B139950020AEDF /* ContentView.swift in Sources */ = {isa = PBXBuildFile; fileRef = 7CC657FC26B139950020AEDF /* ContentView.swift */; };
		7CC657FF26B139980020AEDF /* Assets.xcassets in Resources */ = {isa = PBXBuildFile; fileRef = 7CC657FE26B139980020AEDF /* Assets.xcassets */; };
		7CC6580226B139980020AEDF /* Preview Assets.xcassets in Resources */ = {isa = PBXBuildFile; fileRef = 7CC6580126B139980020AEDF /* Preview Assets.xcassets */; };
		7CC6580D26B139990020AEDF /* CombineTestsTests.swift in Sources */ = {isa = PBXBuildFile; fileRef = 7CC6580C26B139990020AEDF /* CombineTestsTests.swift */; };
		7CC6581826B139990020AEDF /* CombineTestsUITests.swift in Sources */ = {isa = PBXBuildFile; fileRef = 7CC6581726B139990020AEDF /* CombineTestsUITests.swift */; };
/* End PBXBuildFile section */

/* Begin PBXContainerItemProxy section */
		7CC6580926B139990020AEDF /* PBXContainerItemProxy */ = {
			isa = PBXContainerItemProxy;
			containerPortal = 7CC657EF26B139950020AEDF /* Project object */;
			proxyType = 1;
			remoteGlobalIDString = 7CC657F626B139950020AEDF;
			remoteInfo = CombineTests;
		};
		7CC6581426B139990020AEDF /* PBXContainerItemProxy */ = {
			isa = PBXContainerItemProxy;
			containerPortal = 7CC657EF26B139950020AEDF /* Project object */;
			proxyType = 1;
			remoteGlobalIDString = 7CC657F626B139950020AEDF;
			remoteInfo = CombineTests;
		};
/* End PBXContainerItemProxy section */

/* Begin PBXFileReference section */
		7CC657F726B139950020AEDF /* CombineTests.app */ = {isa = PBXFileReference; explicitFileType = wrapper.application; includeInIndex = 0; path = CombineTests.app; sourceTree = BUILT_PRODUCTS_DIR; };
		7CC657FA26B139950020AEDF /* CombineTestsApp.swift */ = {isa = PBXFileReference; lastKnownFileType = sourcecode.swift; path = CombineTestsApp.swift; sourceTree = "<group>"; };
		7CC657FC26B139950020AEDF /* ContentView.swift */ = {isa = PBXFileReference; lastKnownFileType = sourcecode.swift; path = ContentView.swift; sourceTree = "<group>"; };
		7CC657FE26B139980020AEDF /* Assets.xcassets */ = {isa = PBXFileReference; lastKnownFileType = folder.assetcatalog; path = Assets.xcassets; sourceTree = "<group>"; };
		7CC6580126B139980020AEDF /* Preview Assets.xcassets */ = {isa = PBXFileReference; lastKnownFileType = folder.assetcatalog; path = "Preview Assets.xcassets"; sourceTree = "<group>"; };
		7CC6580326B139980020AEDF /* Info.plist */ = {isa = PBXFileReference; lastKnownFileType = text.plist.xml; path = Info.plist; sourceTree = "<group>"; };
		7CC6580826B139990020AEDF /* CombineTestsTests.xctest */ = {isa = PBXFileReference; explicitFileType = wrapper.cfbundle; includeInIndex = 0; path = CombineTestsTests.xctest; sourceTree = BUILT_PRODUCTS_DIR; };
		7CC6580C26B139990020AEDF /* CombineTestsTests.swift */ = {isa = PBXFileReference; lastKnownFileType = sourcecode.swift; path = CombineTestsTests.swift; sourceTree = "<group>"; };
		7CC6580E26B139990020AEDF /* Info.plist */ = {isa = PBXFileReference; lastKnownFileType = text.plist.xml; path = Info.plist; sourceTree = "<group>"; };
		7CC6581326B139990020AEDF /* CombineTestsUITests.xctest */ = {isa = PBXFileReference; explicitFileType = wrapper.cfbundle; includeInIndex = 0; path = CombineTestsUITests.xctest; sourceTree = BUILT_PRODUCTS_DIR; };
		7CC6581726B139990020AEDF /* CombineTestsUITests.swift */ = {isa = PBXFileReference; lastKnownFileType = sourcecode.swift; path = CombineTestsUITests.swift; sourceTree = "<group>"; };
		7CC6581926B139990020AEDF /* Info.plist */ = {isa = PBXFileReference; lastKnownFileType = text.plist.xml; path = Info.plist; sourceTree = "<group>"; };
/* End PBXFileReference section */

/* Begin PBXFrameworksBuildPhase section */
		7CC657F426B139950020AEDF /* Frameworks */ = {
			isa = PBXFrameworksBuildPhase;
			buildActionMask = 2147483647;
			files = (
			);
			runOnlyForDeploymentPostprocessing = 0;
		};
		7CC6580526B139990020AEDF /* Frameworks */ = {
			isa = PBXFrameworksBuildPhase;
			buildActionMask = 2147483647;
			files = (
			);
			runOnlyForDeploymentPostprocessing = 0;
		};
		7CC6581026B139990020AEDF /* Frameworks */ = {
			isa = PBXFrameworksBuildPhase;
			buildActionMask = 2147483647;
			files = (
			);
			runOnlyForDeploymentPostprocessing = 0;
		};
/* End PBXFrameworksBuildPhase section */

/* Begin PBXGroup section */
		7CC657EE26B139950020AEDF = {
			isa = PBXGroup;
			children = (
				7CC657F926B139950020AEDF /* CombineTests */,
				7CC6580B26B139990020AEDF /* CombineTestsTests */,
				7CC6581626B139990020AEDF /* CombineTestsUITests */,
				7CC657F826B139950020AEDF /* Products */,
			);
			sourceTree = "<group>";
		};
		7CC657F826B139950020AEDF /* Products */ = {
			isa = PBXGroup;
			children = (
				7CC657F726B139950020AEDF /* CombineTests.app */,
				7CC6580826B139990020AEDF /* CombineTestsTests.xctest */,
				7CC6581326B139990020AEDF /* CombineTestsUITests.xctest */,
			);
			name = Products;
			sourceTree = "<group>";
		};
		7CC657F926B139950020AEDF /* CombineTests */ = {
			isa = PBXGroup;
			children = (
				7CC657FA26B139950020AEDF /* CombineTestsApp.swift */,
				7CC657FC26B139950020AEDF /* ContentView.swift */,
				7CC657FE26B139980020AEDF /* Assets.xcassets */,
				7CC6580326B139980020AEDF /* Info.plist */,
				7CC6580026B139980020AEDF /* Preview Content */,
			);
			path = CombineTests;
			sourceTree = "<group>";
		};
		7CC6580026B139980020AEDF /* Preview Content */ = {
			isa = PBXGroup;
			children = (
				7CC6580126B139980020AEDF /* Preview Assets.xcassets */,
			);
			path = "Preview Content";
			sourceTree = "<group>";
		};
		7CC6580B26B139990020AEDF /* CombineTestsTests */ = {
			isa = PBXGroup;
			children = (
				7CC6580C26B139990020AEDF /* CombineTestsTests.swift */,
				7CC6580E26B139990020AEDF /* Info.plist */,
			);
			path = CombineTestsTests;
			sourceTree = "<group>";
		};
		7CC6581626B139990020AEDF /* CombineTestsUITests */ = {
			isa = PBXGroup;
			children = (
				7CC6581726B139990020AEDF /* CombineTestsUITests.swift */,
				7CC6581926B139990020AEDF /* Info.plist */,
			);
			path = CombineTestsUITests;
			sourceTree = "<group>";
		};
/* End PBXGroup section */

/* Begin PBXNativeTarget section */
		7CC657F626B139950020AEDF /* CombineTests */ = {
			isa = PBXNativeTarget;
			buildConfigurationList = 7CC6581C26B139990020AEDF /* Build configuration list for PBXNativeTarget "CombineTests" */;
			buildPhases = (
				7CC657F326B139950020AEDF /* Sources */,
				7CC657F426B139950020AEDF /* Frameworks */,
				7CC657F526B139950020AEDF /* Resources */,
			);
			buildRules = (
			);
			dependencies = (
			);
			name = CombineTests;
			productName = CombineTests;
			productReference = 7CC657F726B139950020AEDF /* CombineTests.app */;
			productType = "com.apple.product-type.application";
		};
		7CC6580726B139990020AEDF /* CombineTestsTests */ = {
			isa = PBXNativeTarget;
			buildConfigurationList = 7CC6581F26B139990020AEDF /* Build configuration list for PBXNativeTarget "CombineTestsTests" */;
			buildPhases = (
				7CC6580426B139990020AEDF /* Sources */,
				7CC6580526B139990020AEDF /* Frameworks */,
				7CC6580626B139990020AEDF /* Resources */,
			);
			buildRules = (
			);
			dependencies = (
				7CC6580A26B139990020AEDF /* PBXTargetDependency */,
			);
			name = CombineTestsTests;
			productName = CombineTestsTests;
			productReference = 7CC6580826B139990020AEDF /* CombineTestsTests.xctest */;
			productType = "com.apple.product-type.bundle.unit-test";
		};
		7CC6581226B139990020AEDF /* CombineTestsUITests */ = {
			isa = PBXNativeTarget;
			buildConfigurationList = 7CC6582226B139990020AEDF /* Build configuration list for PBXNativeTarget "CombineTestsUITests" */;
			buildPhases = (
				7CC6580F26B139990020AEDF /* Sources */,
				7CC6581026B139990020AEDF /* Frameworks */,
				7CC6581126B139990020AEDF /* Resources */,
			);
			buildRules = (
			);
			dependencies = (
				7CC6581526B139990020AEDF /* PBXTargetDependency */,
			);
			name = CombineTestsUITests;
			productName = CombineTestsUITests;
			productReference = 7CC6581326B139990020AEDF /* CombineTestsUITests.xctest */;
			productType = "com.apple.product-type.bundle.ui-testing";
		};
/* End PBXNativeTarget section */

/* Begin PBXProject section */
		7CC657EF26B139950020AEDF /* Project object */ = {
			isa = PBXProject;
			attributes = {
				LastSwiftUpdateCheck = 1230;
				LastUpgradeCheck = 1230;
				TargetAttributes = {
					7CC657F626B139950020AEDF = {
						CreatedOnToolsVersion = 12.3;
					};
					7CC6580726B139990020AEDF = {
						CreatedOnToolsVersion = 12.3;
						TestTargetID = 7CC657F626B139950020AEDF;
					};
					7CC6581226B139990020AEDF = {
						CreatedOnToolsVersion = 12.3;
						TestTargetID = 7CC657F626B139950020AEDF;
					};
				};
			};
			buildConfigurationList = 7CC657F226B139950020AEDF /* Build configuration list for PBXProject "CombineTests" */;
			compatibilityVersion = "Xcode 9.3";
			developmentRegion = en;
			hasScannedForEncodings = 0;
			knownRegions = (
				en,
				Base,
			);
			mainGroup = 7CC657EE26B139950020AEDF;
			productRefGroup = 7CC657F826B139950020AEDF /* Products */;
			projectDirPath = "";
			projectRoot = "";
			targets = (
				7CC657F626B139950020AEDF /* CombineTests */,
				7CC6580726B139990020AEDF /* CombineTestsTests */,
				7CC6581226B139990020AEDF /* CombineTestsUITests */,
			);
		};
/* End PBXProject section */

/* Begin PBXResourcesBuildPhase section */
		7CC657F526B139950020AEDF /* Resources */ = {
			isa = PBXResourcesBuildPhase;
			buildActionMask = 2147483647;
			files = (
				7CC6580226B139980020AEDF /* Preview Assets.xcassets in Resources */,
				7CC657FF26B139980020AEDF /* Assets.xcassets in Resources */,
			);
			runOnlyForDeploymentPostprocessing = 0;
		};
		7CC6580626B139990020AEDF /* Resources */ = {
			isa = PBXResourcesBuildPhase;
			buildActionMask = 2147483647;
			files = (
			);
			runOnlyForDeploymentPostprocessing = 0;
		};
		7CC6581126B139990020AEDF /* Resources */ = {
			isa = PBXResourcesBuildPhase;
			buildActionMask = 2147483647;
			files = (
			);
			runOnlyForDeploymentPostprocessing = 0;
		};
/* End PBXResourcesBuildPhase section */

/* Begin PBXSourcesBuildPhase section */
		7CC657F326B139950020AEDF /* Sources */ = {
			isa = PBXSourcesBuildPhase;
			buildActionMask = 2147483647;
			files = (
				7CC657FD26B139950020AEDF /* ContentView.swift in Sources */,
				7CC657FB26B139950020AEDF /* CombineTestsApp.swift in Sources */,
			);
			runOnlyForDeploymentPostprocessing = 0;
		};
		7CC6580426B139990020AEDF /* Sources */ = {
			isa = PBXSourcesBuildPhase;
			buildActionMask = 2147483647;
			files = (
				7CC6580D26B139990020AEDF /* CombineTestsTests.swift in Sources */,
			);
			runOnlyForDeploymentPostprocessing = 0;
		};
		7CC6580F26B139990020AEDF /* Sources */ = {
			isa = PBXSourcesBuildPhase;
			buildActionMask = 2147483647;
			files = (
				7CC6581826B139990020AEDF /* CombineTestsUITests.swift in Sources */,
			);
			runOnlyForDeploymentPostprocessing = 0;
		};
/* End PBXSourcesBuildPhase section */

/* Begin PBXTargetDependency section */
		7CC6580A26B139990020AEDF /* PBXTargetDependency */ = {
			isa = PBXTargetDependency;
			target = 7CC657F626B139950020AEDF /* CombineTests */;
			targetProxy = 7CC6580926B139990020AEDF /* PBXContainerItemProxy */;
		};
		7CC6581526B139990020AEDF /* PBXTargetDependency */ = {
			isa = PBXTargetDependency;
			target = 7CC657F626B139950020AEDF /* CombineTests */;
			targetProxy = 7CC6581426B139990020AEDF /* PBXContainerItemProxy */;
		};
/* End PBXTargetDependency section */

/* Begin XCBuildConfiguration section */
		7CC6581A26B139990020AEDF /* Debug */ = {
			isa = XCBuildConfiguration;
			buildSettings = {
				ALWAYS_SEARCH_USER_PATHS = NO;
				CLANG_ANALYZER_NONNULL = YES;
				CLANG_ANALYZER_NUMBER_OBJECT_CONVERSION = YES_AGGRESSIVE;
				CLANG_CXX_LANGUAGE_STANDARD = "gnu++14";
				CLANG_CXX_LIBRARY = "libc++";
				CLANG_ENABLE_MODULES = YES;
				CLANG_ENABLE_OBJC_ARC = YES;
				CLANG_ENABLE_OBJC_WEAK = YES;
				CLANG_WARN_BLOCK_CAPTURE_AUTORELEASING = YES;
				CLANG_WARN_BOOL_CONVERSION = YES;
				CLANG_WARN_COMMA = YES;
				CLANG_WARN_CONSTANT_CONVERSION = YES;
				CLANG_WARN_DEPRECATED_OBJC_IMPLEMENTATIONS = YES;
				CLANG_WARN_DIRECT_OBJC_ISA_USAGE = YES_ERROR;
				CLANG_WARN_DOCUMENTATION_COMMENTS = YES;
				CLANG_WARN_EMPTY_BODY = YES;
				CLANG_WARN_ENUM_CONVERSION = YES;
				CLANG_WARN_INFINITE_RECURSION = YES;
				CLANG_WARN_INT_CONVERSION = YES;
				CLANG_WARN_NON_LITERAL_NULL_CONVERSION = YES;
				CLANG_WARN_OBJC_IMPLICIT_RETAIN_SELF = YES;
				CLANG_WARN_OBJC_LITERAL_CONVERSION = YES;
				CLANG_WARN_OBJC_ROOT_CLASS = YES_ERROR;
				CLANG_WARN_QUOTED_INCLUDE_IN_FRAMEWORK_HEADER = YES;
				CLANG_WARN_RANGE_LOOP_ANALYSIS = YES;
				CLANG_WARN_STRICT_PROTOTYPES = YES;
				CLANG_WARN_SUSPICIOUS_MOVE = YES;
				CLANG_WARN_UNGUARDED_AVAILABILITY = YES_AGGRESSIVE;
				CLANG_WARN_UNREACHABLE_CODE = YES;
				CLANG_WARN__DUPLICATE_METHOD_MATCH = YES;
				COPY_PHASE_STRIP = NO;
				DEBUG_INFORMATION_FORMAT = dwarf;
				ENABLE_STRICT_OBJC_MSGSEND = YES;
				ENABLE_TESTABILITY = YES;
				GCC_C_LANGUAGE_STANDARD = gnu11;
				GCC_DYNAMIC_NO_PIC = NO;
				GCC_NO_COMMON_BLOCKS = YES;
				GCC_OPTIMIZATION_LEVEL = 0;
				GCC_PREPROCESSOR_DEFINITIONS = (
					"DEBUG=1",
					"$(inherited)",
				);
				GCC_WARN_64_TO_32_BIT_CONVERSION = YES;
				GCC_WARN_ABOUT_RETURN_TYPE = YES_ERROR;
				GCC_WARN_UNDECLARED_SELECTOR = YES;
				GCC_WARN_UNINITIALIZED_AUTOS = YES_AGGRESSIVE;
				GCC_WARN_UNUSED_FUNCTION = YES;
				GCC_WARN_UNUSED_VARIABLE = YES;
				IPHONEOS_DEPLOYMENT_TARGET = 14.3;
				MTL_ENABLE_DEBUG_INFO = INCLUDE_SOURCE;
				MTL_FAST_MATH = YES;
				ONLY_ACTIVE_ARCH = YES;
				SDKROOT = iphoneos;
				SWIFT_ACTIVE_COMPILATION_CONDITIONS = DEBUG;
				SWIFT_OPTIMIZATION_LEVEL = "-Onone";
			};
			name = Debug;
		};
		7CC6581B26B139990020AEDF /* Release */ = {
			isa = XCBuildConfiguration;
			buildSettings = {
				ALWAYS_SEARCH_USER_PATHS = NO;
				CLANG_ANALYZER_NONNULL = YES;
				CLANG_ANALYZER_NUMBER_OBJECT_CONVERSION = YES_AGGRESSIVE;
				CLANG_CXX_LANGUAGE_STANDARD = "gnu++14";
				CLANG_CXX_LIBRARY = "libc++";
				CLANG_ENABLE_MODULES = YES;
				CLANG_ENABLE_OBJC_ARC = YES;
				CLANG_ENABLE_OBJC_WEAK = YES;
				CLANG_WARN_BLOCK_CAPTURE_AUTORELEASING = YES;
				CLANG_WARN_BOOL_CONVERSION = YES;
				CLANG_WARN_COMMA = YES;
				CLANG_WARN_CONSTANT_CONVERSION = YES;
				CLANG_WARN_DEPRECATED_OBJC_IMPLEMENTATIONS = YES;
				CLANG_WARN_DIRECT_OBJC_ISA_USAGE = YES_ERROR;
				CLANG_WARN_DOCUMENTATION_COMMENTS = YES;
				CLANG_WARN_EMPTY_BODY = YES;
				CLANG_WARN_ENUM_CONVERSION = YES;
				CLANG_WARN_INFINITE_RECURSION = YES;
				CLANG_WARN_INT_CONVERSION = YES;
				CLANG_WARN_NON_LITERAL_NULL_CONVERSION = YES;
				CLANG_WARN_OBJC_IMPLICIT_RETAIN_SELF = YES;
				CLANG_WARN_OBJC_LITERAL_CONVERSION = YES;
				CLANG_WARN_OBJC_ROOT_CLASS = YES_ERROR;
				CLANG_WARN_QUOTED_INCLUDE_IN_FRAMEWORK_HEADER = YES;
				CLANG_WARN_RANGE_LOOP_ANALYSIS = YES;
				CLANG_WARN_STRICT_PROTOTYPES = YES;
				CLANG_WARN_SUSPICIOUS_MOVE = YES;
				CLANG_WARN_UNGUARDED_AVAILABILITY = YES_AGGRESSIVE;
				CLANG_WARN_UNREACHABLE_CODE = YES;
				CLANG_WARN__DUPLICATE_METHOD_MATCH = YES;
				COPY_PHASE_STRIP = NO;
				DEBUG_INFORMATION_FORMAT = "dwarf-with-dsym";
				ENABLE_NS_ASSERTIONS = NO;
				ENABLE_STRICT_OBJC_MSGSEND = YES;
				GCC_C_LANGUAGE_STANDARD = gnu11;
				GCC_NO_COMMON_BLOCKS = YES;
				GCC_WARN_64_TO_32_BIT_CONVERSION = YES;
				GCC_WARN_ABOUT_RETURN_TYPE = YES_ERROR;
				GCC_WARN_UNDECLARED_SELECTOR = YES;
				GCC_WARN_UNINITIALIZED_AUTOS = YES_AGGRESSIVE;
				GCC_WARN_UNUSED_FUNCTION = YES;
				GCC_WARN_UNUSED_VARIABLE = YES;
				IPHONEOS_DEPLOYMENT_TARGET = 14.3;
				MTL_ENABLE_DEBUG_INFO = NO;
				MTL_FAST_MATH = YES;
				SDKROOT = iphoneos;
				SWIFT_COMPILATION_MODE = wholemodule;
				SWIFT_OPTIMIZATION_LEVEL = "-O";
				VALIDATE_PRODUCT = YES;
			};
			name = Release;
		};
		7CC6581D26B139990020AEDF /* Debug */ = {
			isa = XCBuildConfiguration;
			buildSettings = {
				ASSETCATALOG_COMPILER_APPICON_NAME = AppIcon;
				ASSETCATALOG_COMPILER_GLOBAL_ACCENT_COLOR_NAME = AccentColor;
				CODE_SIGN_STYLE = Automatic;
				DEVELOPMENT_ASSET_PATHS = "\"CombineTests/Preview Content\"";
				ENABLE_PREVIEWS = YES;
				INFOPLIST_FILE = CombineTests/Info.plist;
				IPHONEOS_DEPLOYMENT_TARGET = 14.0;
				LD_RUNPATH_SEARCH_PATHS = (
					"$(inherited)",
					"@executable_path/Frameworks",
				);
				PRODUCT_BUNDLE_IDENTIFIER = "Chen-GJ.CombineTests";
				PRODUCT_NAME = "$(TARGET_NAME)";
				SWIFT_VERSION = 5.0;
				TARGETED_DEVICE_FAMILY = "1,2";
			};
			name = Debug;
		};
		7CC6581E26B139990020AEDF /* Release */ = {
			isa = XCBuildConfiguration;
			buildSettings = {
				ASSETCATALOG_COMPILER_APPICON_NAME = AppIcon;
				ASSETCATALOG_COMPILER_GLOBAL_ACCENT_COLOR_NAME = AccentColor;
				CODE_SIGN_STYLE = Automatic;
				DEVELOPMENT_ASSET_PATHS = "\"CombineTests/Preview Content\"";
				ENABLE_PREVIEWS = YES;
				INFOPLIST_FILE = CombineTests/Info.plist;
				IPHONEOS_DEPLOYMENT_TARGET = 14.0;
				LD_RUNPATH_SEARCH_PATHS = (
					"$(inherited)",
					"@executable_path/Frameworks",
				);
				PRODUCT_BUNDLE_IDENTIFIER = "Chen-GJ.CombineTests";
				PRODUCT_NAME = "$(TARGET_NAME)";
				SWIFT_VERSION = 5.0;
				TARGETED_DEVICE_FAMILY = "1,2";
			};
			name = Release;
		};
		7CC6582026B139990020AEDF /* Debug */ = {
			isa = XCBuildConfiguration;
			buildSettings = {
				ALWAYS_EMBED_SWIFT_STANDARD_LIBRARIES = YES;
				BUNDLE_LOADER = "$(TEST_HOST)";
				CODE_SIGN_STYLE = Automatic;
				INFOPLIST_FILE = CombineTestsTests/Info.plist;
				IPHONEOS_DEPLOYMENT_TARGET = 14.0;
				LD_RUNPATH_SEARCH_PATHS = (
					"$(inherited)",
					"@executable_path/Frameworks",
					"@loader_path/Frameworks",
				);
				PRODUCT_BUNDLE_IDENTIFIER = "Chen-GJ.CombineTestsTests";
				PRODUCT_NAME = "$(TARGET_NAME)";
				SWIFT_VERSION = 5.0;
				TARGETED_DEVICE_FAMILY = "1,2";
				TEST_HOST = "$(BUILT_PRODUCTS_DIR)/CombineTests.app/CombineTests";
			};
			name = Debug;
		};
		7CC6582126B139990020AEDF /* Release */ = {
			isa = XCBuildConfiguration;
			buildSettings = {
				ALWAYS_EMBED_SWIFT_STANDARD_LIBRARIES = YES;
				BUNDLE_LOADER = "$(TEST_HOST)";
				CODE_SIGN_STYLE = Automatic;
				INFOPLIST_FILE = CombineTestsTests/Info.plist;
				IPHONEOS_DEPLOYMENT_TARGET = 14.0;
				LD_RUNPATH_SEARCH_PATHS = (
					"$(inherited)",
					"@executable_path/Frameworks",
					"@loader_path/Frameworks",
				);
				PRODUCT_BUNDLE_IDENTIFIER = "Chen-GJ.CombineTestsTests";
				PRODUCT_NAME = "$(TARGET_NAME)";
				SWIFT_VERSION = 5.0;
				TARGETED_DEVICE_FAMILY = "1,2";
				TEST_HOST = "$(BUILT_PRODUCTS_DIR)/CombineTests.app/CombineTests";
			};
			name = Release;
		};
		7CC6582326B139990020AEDF /* Debug */ = {
			isa = XCBuildConfiguration;
			buildSettings = {
				ALWAYS_EMBED_SWIFT_STANDARD_LIBRARIES = YES;
				CODE_SIGN_STYLE = Automatic;
				INFOPLIST_FILE = CombineTestsUITests/Info.plist;
				LD_RUNPATH_SEARCH_PATHS = (
					"$(inherited)",
					"@executable_path/Frameworks",
					"@loader_path/Frameworks",
				);
				PRODUCT_BUNDLE_IDENTIFIER = "Chen-GJ.CombineTestsUITests";
				PRODUCT_NAME = "$(TARGET_NAME)";
				SWIFT_VERSION = 5.0;
				TARGETED_DEVICE_FAMILY = "1,2";
				TEST_TARGET_NAME = CombineTests;
			};
			name = Debug;
		};
		7CC6582426B139990020AEDF /* Release */ = {
			isa = XCBuildConfiguration;
			buildSettings = {
				ALWAYS_EMBED_SWIFT_STANDARD_LIBRARIES = YES;
				CODE_SIGN_STYLE = Automatic;
				INFOPLIST_FILE = CombineTestsUITests/Info.plist;
				LD_RUNPATH_SEARCH_PATHS = (
					"$(inherited)",
					"@executable_path/Frameworks",
					"@loader_path/Frameworks",
				);
				PRODUCT_BUNDLE_IDENTIFIER = "Chen-GJ.CombineTestsUITests";
				PRODUCT_NAME = "$(TARGET_NAME)";
				SWIFT_VERSION = 5.0;
				TARGETED_DEVICE_FAMILY = "1,2";
				TEST_TARGET_NAME = CombineTests;
			};
			name = Release;
		};
/* End XCBuildConfiguration section */

/* Begin XCConfigurationList section */
		7CC657F226B139950020AEDF /* Build configuration list for PBXProject "CombineTests" */ = {
			isa = XCConfigurationList;
			buildConfigurations = (
				7CC6581A26B139990020AEDF /* Debug */,
				7CC6581B26B139990020AEDF /* Release */,
			);
			defaultConfigurationIsVisible = 0;
			defaultConfigurationName = Release;
		};
		7CC6581C26B139990020AEDF /* Build configuration list for PBXNativeTarget "CombineTests" */ = {
			isa = XCConfigurationList;
			buildConfigurations = (
				7CC6581D26B139990020AEDF /* Debug */,
				7CC6581E26B139990020AEDF /* Release */,
			);
			defaultConfigurationIsVisible = 0;
			defaultConfigurationName = Release;
		};
		7CC6581F26B139990020AEDF /* Build configuration list for PBXNativeTarget "CombineTestsTests" */ = {
			isa = XCConfigurationList;
			buildConfigurations = (
				7CC6582026B139990020AEDF /* Debug */,
				7CC6582126B139990020AEDF /* Release */,
			);
			defaultConfigurationIsVisible = 0;
			defaultConfigurationName = Release;
		};
		7CC6582226B139990020AEDF /* Build configuration list for PBXNativeTarget "CombineTestsUITests" */ = {
			isa = XCConfigurationList;
			buildConfigurations = (
				7CC6582326B139990020AEDF /* Debug */,
				7CC6582426B139990020AEDF /* Release */,
			);
			defaultConfigurationIsVisible = 0;
			defaultConfigurationName = Release;
		};
/* End XCConfigurationList section */
	};
	rootObject = 7CC657EF26B139950020AEDF /* Project object */;
}
